
Microsoft Visual Studio Solution File, Format Version 12.00
# Visual Studio Version 16
VisualStudioVersion = 16.0.30804.86
MinimumVisualStudioVersion = 10.0.40219.1
Project("{00D1A9C2-B5F0-4AF3-8072-F6C62B433612}") = "PeopleDB", "PeopleDB\PeopleDB.sqlproj", "{B3F3C19C-E079-4A1A-97F5-F64E4BE0486B}"
EndProject
Project("{9A19103F-16F7-4668-BE54-9A1E7A4F7556}") = "DataLibrary", "DataLibrary\DataLibrary.csproj", "{D1DD2EEF-5BFF-4E19-B5CC-A83F5C75D0A2}"
EndProject
Project("{FAE04EC0-301F-11D3-BF4B-00C04F79EFBC}") = "PeopleWeb", "PeopleWeb\PeopleWeb.csproj", "{B22FBEE0-1921-486C-BDEB-AD43F61312B5}"
EndProject
Global
	GlobalSection(SolutionConfigurationPlatforms) = preSolution
		Debug|Any CPU = Debug|Any CPU
		Release|Any CPU = Release|Any CPU
	EndGlobalSection
	GlobalSection(ProjectConfigurationPlatforms) = postSolution
		{B3F3C19C-E079-4A1A-97F5-F64E4BE0486B}.Debug|Any CPU.ActiveCfg = Debug|Any CPU
		{B3F3C19C-E079-4A1A-97F5-F64E4BE0486B}.Debug|Any CPU.Build.0 = Debug|Any CPU
		{B3F3C19C-E079-4A1A-97F5-F64E4BE0486B}.Debug|Any CPU.Deploy.0 = Debug|Any CPU
		{B3F3C19C-E079-4A1A-97F5-F64E4BE0486B}.Release|Any CPU.ActiveCfg = Release|Any CPU
		{B3F3C19C-E079-4A1A-97F5-F64E4BE0486B}.Release|Any CPU.Build.0 = Release|Any CPU
		{B3F3C19C-E079-4A1A-97F5-F64E4BE0486B}.Release|Any CPU.Deploy.0 = Release|Any CPU
		{D1DD2EEF-5BFF-4E19-B5CC-A83F5C75D0A2}.Debug|Any CPU.ActiveCfg = Debug|Any CPU
		{D1DD2EEF-5BFF-4E19-B5CC-A83F5C75D0A2}.Debug|Any CPU.Build.0 = Debug|Any CPU
		{D1DD2EEF-5BFF-4E19-B5CC-A83F5C75D0A2}.Release|Any CPU.ActiveCfg = Release|Any CPU
		{D1DD2EEF-5BFF-4E19-B5CC-A83F5C75D0A2}.Release|Any CPU.Build.0 = Release|Any CPU
		{B22FBEE0-1921-486C-BDEB-AD43F61312B5}.Debug|Any CPU.ActiveCfg = Debug|Any CPU
		{B22FBEE0-1921-486C-BDEB-AD43F61312B5}.Debug|Any CPU.Build.0 = Debug|Any CPU
		{B22FBEE0-1921-486C-BDEB-AD43F61312B5}.Release|Any CPU.ActiveCfg = Release|Any CPU
		{B22FBEE0-1921-486C-BDEB-AD43F61312B5}.Release|Any CPU.Build.0 = Release|Any CPU
	EndGlobalSection
	GlobalSection(SolutionProperties) = preSolution
		HideSolutionNode = FALSE
	EndGlobalSection
	GlobalSection(ExtensibilityGlobals) = postSolution
		SolutionGuid = {A8972CF6-9321-4381-8057-CD3977F3FA25}
	EndGlobalSection
EndGlobal
